
Microsoft Visual Studio Solution File, Format Version 12.00
# Visual Studio Version 17
VisualStudioVersion = 17.0.31903.59
MinimumVisualStudioVersion = 10.0.40219.1
Project("{2150E333-8FDC-42A3-9474-1A3956D46DE8}") = "src", "src", "{827E0CD3-B72D-47B6-A68D-7590B98EB39B}"
EndProject
Project("{FAE04EC0-301F-11D3-BF4B-00C04F79EFBC}") = "DeepSeek.OCR2", "src\DeepSeek.OCR2\DeepSeek.OCR2.csproj", "{DDAACBBF-068E-476C-93F5-8B5DB7711B0D}"
EndProject
Project("{FAE04EC0-301F-11D3-BF4B-00C04F79EFBC}") = "DeepSeek.OCR2.Meta", "src\DeepSeek.OCR2.Meta\DeepSeek.OCR2.Meta.csproj", "{8A33C0C1-1B61-4F91-A098-18A70A0FCB57}"
EndProject
Project("{FAE04EC0-301F-11D3-BF4B-00C04F79EFBC}") = "DeepSeek.OCR2.Bundled", "src\DeepSeek.OCR2.Bundled\DeepSeek.OCR2.Bundled.csproj", "{5F205C81-56B0-46B4-A3BC-4AE307E9C8AC}"
EndProject
Project("{FAE04EC0-301F-11D3-BF4B-00C04F79EFBC}") = "DeepSeek.OCR2.Assets.Python.win-x64", "src\DeepSeek.OCR2.Assets.Python.win-x64\DeepSeek.OCR2.Assets.Python.win-x64.csproj", "{E3234114-F79D-47B8-8596-89022E0E7E0D}"
EndProject
Project("{FAE04EC0-301F-11D3-BF4B-00C04F79EFBC}") = "DeepSeek.OCR2.Assets.Wheels.win-x64", "src\DeepSeek.OCR2.Assets.Wheels.win-x64\DeepSeek.OCR2.Assets.Wheels.win-x64.csproj", "{B2667C39-8C4B-4D0F-9E1E-7470ACB2C62D}"
EndProject
Project("{FAE04EC0-301F-11D3-BF4B-00C04F79EFBC}") = "DeepSeek.OCR2.Assets.Model.DeepSeekOCR2", "src\DeepSeek.OCR2.Assets.Model.DeepSeekOCR2\DeepSeek.OCR2.Assets.Model.DeepSeekOCR2.csproj", "{B1330356-1972-4B4B-AC43-0CCB43158491}"
EndProject
Project("{FAE04EC0-301F-11D3-BF4B-00C04F79EFBC}") = "DeepSeek.OCR2.Full.win-x64", "src\DeepSeek.OCR2.Full.win-x64\DeepSeek.OCR2.Full.win-x64.csproj", "{42AC4C91-1387-47A9-A118-6AEE8AB3FE46}"
EndProject
Project("{2150E333-8FDC-42A3-9474-1A3956D46DE8}") = "samples", "samples", "{5D20AA90-6969-D8BD-9DCD-8634F4692FDA}"
EndProject
Project("{FAE04EC0-301F-11D3-BF4B-00C04F79EFBC}") = "DeepSeek.OCR2.SampleConsole", "samples\DeepSeek.OCR2.SampleConsole\DeepSeek.OCR2.SampleConsole.csproj", "{9D9B700C-F80D-493C-B567-F431B9504996}"
EndProject
Project("{2150E333-8FDC-42A3-9474-1A3956D46DE8}") = "tests", "tests", "{2B59A5F8-0E6B-4F52-A9F6-47D6D2EC5C1C}"
EndProject
Project("{FAE04EC0-301F-11D3-BF4B-00C04F79EFBC}") = "DeepSeek.OCR2.NuGetSmokeTest", "tests\DeepSeek.OCR2.NuGetSmokeTest\DeepSeek.OCR2.NuGetSmokeTest.csproj", "{E3B8B584-0C6F-4F0E-AC56-8ED3177BBF76}"
EndProject
Global
	GlobalSection(SolutionConfigurationPlatforms) = preSolution
		Debug|Any CPU = Debug|Any CPU
		Debug|x64 = Debug|x64
		Debug|x86 = Debug|x86
		Release|Any CPU = Release|Any CPU
		Release|x64 = Release|x64
		Release|x86 = Release|x86
	EndGlobalSection
	GlobalSection(ProjectConfigurationPlatforms) = postSolution
		{DDAACBBF-068E-476C-93F5-8B5DB7711B0D}.Debug|Any CPU.ActiveCfg = Debug|Any CPU
		{DDAACBBF-068E-476C-93F5-8B5DB7711B0D}.Debug|Any CPU.Build.0 = Debug|Any CPU
		{DDAACBBF-068E-476C-93F5-8B5DB7711B0D}.Debug|x64.ActiveCfg = Debug|Any CPU
		{DDAACBBF-068E-476C-93F5-8B5DB7711B0D}.Debug|x64.Build.0 = Debug|Any CPU
		{DDAACBBF-068E-476C-93F5-8B5DB7711B0D}.Debug|x86.ActiveCfg = Debug|Any CPU
		{DDAACBBF-068E-476C-93F5-8B5DB7711B0D}.Debug|x86.Build.0 = Debug|Any CPU
		{DDAACBBF-068E-476C-93F5-8B5DB7711B0D}.Release|Any CPU.ActiveCfg = Release|Any CPU
		{DDAACBBF-068E-476C-93F5-8B5DB7711B0D}.Release|Any CPU.Build.0 = Release|Any CPU
		{DDAACBBF-068E-476C-93F5-8B5DB7711B0D}.Release|x64.ActiveCfg = Release|Any CPU
		{DDAACBBF-068E-476C-93F5-8B5DB7711B0D}.Release|x64.Build.0 = Release|Any CPU
		{DDAACBBF-068E-476C-93F5-8B5DB7711B0D}.Release|x86.ActiveCfg = Release|Any CPU
		{DDAACBBF-068E-476C-93F5-8B5DB7711B0D}.Release|x86.Build.0 = Release|Any CPU
		{8A33C0C1-1B61-4F91-A098-18A70A0FCB57}.Debug|Any CPU.ActiveCfg = Debug|Any CPU
		{8A33C0C1-1B61-4F91-A098-18A70A0FCB57}.Debug|Any CPU.Build.0 = Debug|Any CPU
		{8A33C0C1-1B61-4F91-A098-18A70A0FCB57}.Debug|x64.ActiveCfg = Debug|Any CPU
		{8A33C0C1-1B61-4F91-A098-18A70A0FCB57}.Debug|x64.Build.0 = Debug|Any CPU
		{8A33C0C1-1B61-4F91-A098-18A70A0FCB57}.Debug|x86.ActiveCfg = Debug|Any CPU
		{8A33C0C1-1B61-4F91-A098-18A70A0FCB57}.Debug|x86.Build.0 = Debug|Any CPU
		{8A33C0C1-1B61-4F91-A098-18A70A0FCB57}.Release|Any CPU.ActiveCfg = Release|Any CPU
		{8A33C0C1-1B61-4F91-A098-18A70A0FCB57}.Release|Any CPU.Build.0 = Release|Any CPU
		{8A33C0C1-1B61-4F91-A098-18A70A0FCB57}.Release|x64.ActiveCfg = Release|Any CPU
		{8A33C0C1-1B61-4F91-A098-18A70A0FCB57}.Release|x64.Build.0 = Release|Any CPU
		{8A33C0C1-1B61-4F91-A098-18A70A0FCB57}.Release|x86.ActiveCfg = Release|Any CPU
		{8A33C0C1-1B61-4F91-A098-18A70A0FCB57}.Release|x86.Build.0 = Release|Any CPU
		{5F205C81-56B0-46B4-A3BC-4AE307E9C8AC}.Debug|Any CPU.ActiveCfg = Debug|Any CPU
		{5F205C81-56B0-46B4-A3BC-4AE307E9C8AC}.Debug|Any CPU.Build.0 = Debug|Any CPU
		{5F205C81-56B0-46B4-A3BC-4AE307E9C8AC}.Debug|x64.ActiveCfg = Debug|Any CPU
		{5F205C81-56B0-46B4-A3BC-4AE307E9C8AC}.Debug|x64.Build.0 = Debug|Any CPU
		{5F205C81-56B0-46B4-A3BC-4AE307E9C8AC}.Debug|x86.ActiveCfg = Debug|Any CPU
		{5F205C81-56B0-46B4-A3BC-4AE307E9C8AC}.Debug|x86.Build.0 = Debug|Any CPU
		{5F205C81-56B0-46B4-A3BC-4AE307E9C8AC}.Release|Any CPU.ActiveCfg = Release|Any CPU
		{5F205C81-56B0-46B4-A3BC-4AE307E9C8AC}.Release|Any CPU.Build.0 = Release|Any CPU
		{5F205C81-56B0-46B4-A3BC-4AE307E9C8AC}.Release|x64.ActiveCfg = Release|Any CPU
		{5F205C81-56B0-46B4-A3BC-4AE307E9C8AC}.Release|x64.Build.0 = Release|Any CPU
		{5F205C81-56B0-46B4-A3BC-4AE307E9C8AC}.Release|x86.ActiveCfg = Release|Any CPU
		{5F205C81-56B0-46B4-A3BC-4AE307E9C8AC}.Release|x86.Build.0 = Release|Any CPU
		{E3234114-F79D-47B8-8596-89022E0E7E0D}.Debug|Any CPU.ActiveCfg = Debug|Any CPU
		{E3234114-F79D-47B8-8596-89022E0E7E0D}.Debug|Any CPU.Build.0 = Debug|Any CPU
		{E3234114-F79D-47B8-8596-89022E0E7E0D}.Debug|x64.ActiveCfg = Debug|Any CPU
		{E3234114-F79D-47B8-8596-89022E0E7E0D}.Debug|x64.Build.0 = Debug|Any CPU
		{E3234114-F79D-47B8-8596-89022E0E7E0D}.Debug|x86.ActiveCfg = Debug|Any CPU
		{E3234114-F79D-47B8-8596-89022E0E7E0D}.Debug|x86.Build.0 = Debug|Any CPU
		{E3234114-F79D-47B8-8596-89022E0E7E0D}.Release|Any CPU.ActiveCfg = Release|Any CPU
		{E3234114-F79D-47B8-8596-89022E0E7E0D}.Release|Any CPU.Build.0 = Release|Any CPU
		{E3234114-F79D-47B8-8596-89022E0E7E0D}.Release|x64.ActiveCfg = Release|Any CPU
		{E3234114-F79D-47B8-8596-89022E0E7E0D}.Release|x64.Build.0 = Release|Any CPU
		{E3234114-F79D-47B8-8596-89022E0E7E0D}.Release|x86.ActiveCfg = Release|Any CPU
		{E3234114-F79D-47B8-8596-89022E0E7E0D}.Release|x86.Build.0 = Release|Any CPU
		{B2667C39-8C4B-4D0F-9E1E-7470ACB2C62D}.Debug|Any CPU.ActiveCfg = Debug|Any CPU
		{B2667C39-8C4B-4D0F-9E1E-7470ACB2C62D}.Debug|Any CPU.Build.0 = Debug|Any CPU
		{B2667C39-8C4B-4D0F-9E1E-7470ACB2C62D}.Debug|x64.ActiveCfg = Debug|Any CPU
		{B2667C39-8C4B-4D0F-9E1E-7470ACB2C62D}.Debug|x64.Build.0 = Debug|Any CPU
		{B2667C39-8C4B-4D0F-9E1E-7470ACB2C62D}.Debug|x86.ActiveCfg = Debug|Any CPU
		{B2667C39-8C4B-4D0F-9E1E-7470ACB2C62D}.Debug|x86.Build.0 = Debug|Any CPU
		{B2667C39-8C4B-4D0F-9E1E-7470ACB2C62D}.Release|Any CPU.ActiveCfg = Release|Any CPU
		{B2667C39-8C4B-4D0F-9E1E-7470ACB2C62D}.Release|Any CPU.Build.0 = Release|Any CPU
		{B2667C39-8C4B-4D0F-9E1E-7470ACB2C62D}.Release|x64.ActiveCfg = Release|Any CPU
		{B2667C39-8C4B-4D0F-9E1E-7470ACB2C62D}.Release|x64.Build.0 = Release|Any CPU
		{B2667C39-8C4B-4D0F-9E1E-7470ACB2C62D}.Release|x86.ActiveCfg = Release|Any CPU
		{B2667C39-8C4B-4D0F-9E1E-7470ACB2C62D}.Release|x86.Build.0 = Release|Any CPU
		{B1330356-1972-4B4B-AC43-0CCB43158491}.Debug|Any CPU.ActiveCfg = Debug|Any CPU
		{B1330356-1972-4B4B-AC43-0CCB43158491}.Debug|Any CPU.Build.0 = Debug|Any CPU
		{B1330356-1972-4B4B-AC43-0CCB43158491}.Debug|x64.ActiveCfg = Debug|Any CPU
		{B1330356-1972-4B4B-AC43-0CCB43158491}.Debug|x64.Build.0 = Debug|Any CPU
		{B1330356-1972-4B4B-AC43-0CCB43158491}.Debug|x86.ActiveCfg = Debug|Any CPU
		{B1330356-1972-4B4B-AC43-0CCB43158491}.Debug|x86.Build.0 = Debug|Any CPU
		{B1330356-1972-4B4B-AC43-0CCB43158491}.Release|Any CPU.ActiveCfg = Release|Any CPU
		{B1330356-1972-4B4B-AC43-0CCB43158491}.Release|Any CPU.Build.0 = Release|Any CPU
		{B1330356-1972-4B4B-AC43-0CCB43158491}.Release|x64.ActiveCfg = Release|Any CPU
		{B1330356-1972-4B4B-AC43-0CCB43158491}.Release|x64.Build.0 = Release|Any CPU
		{B1330356-1972-4B4B-AC43-0CCB43158491}.Release|x86.ActiveCfg = Release|Any CPU
		{B1330356-1972-4B4B-AC43-0CCB43158491}.Release|x86.Build.0 = Release|Any CPU
		{42AC4C91-1387-47A9-A118-6AEE8AB3FE46}.Debug|Any CPU.ActiveCfg = Debug|Any CPU
		{42AC4C91-1387-47A9-A118-6AEE8AB3FE46}.Debug|Any CPU.Build.0 = Debug|Any CPU
		{42AC4C91-1387-47A9-A118-6AEE8AB3FE46}.Debug|x64.ActiveCfg = Debug|Any CPU
		{42AC4C91-1387-47A9-A118-6AEE8AB3FE46}.Debug|x64.Build.0 = Debug|Any CPU
		{42AC4C91-1387-47A9-A118-6AEE8AB3FE46}.Debug|x86.ActiveCfg = Debug|Any CPU
		{42AC4C91-1387-47A9-A118-6AEE8AB3FE46}.Debug|x86.Build.0 = Debug|Any CPU
		{42AC4C91-1387-47A9-A118-6AEE8AB3FE46}.Release|Any CPU.ActiveCfg = Release|Any CPU
		{42AC4C91-1387-47A9-A118-6AEE8AB3FE46}.Release|Any CPU.Build.0 = Release|Any CPU
		{42AC4C91-1387-47A9-A118-6AEE8AB3FE46}.Release|x64.ActiveCfg = Release|Any CPU
		{42AC4C91-1387-47A9-A118-6AEE8AB3FE46}.Release|x64.Build.0 = Release|Any CPU
		{42AC4C91-1387-47A9-A118-6AEE8AB3FE46}.Release|x86.ActiveCfg = Release|Any CPU
		{42AC4C91-1387-47A9-A118-6AEE8AB3FE46}.Release|x86.Build.0 = Release|Any CPU
		{9D9B700C-F80D-493C-B567-F431B9504996}.Debug|Any CPU.ActiveCfg = Debug|Any CPU
		{9D9B700C-F80D-493C-B567-F431B9504996}.Debug|Any CPU.Build.0 = Debug|Any CPU
		{9D9B700C-F80D-493C-B567-F431B9504996}.Debug|x64.ActiveCfg = Debug|Any CPU
		{9D9B700C-F80D-493C-B567-F431B9504996}.Debug|x64.Build.0 = Debug|Any CPU
		{9D9B700C-F80D-493C-B567-F431B9504996}.Debug|x86.ActiveCfg = Debug|Any CPU
		{9D9B700C-F80D-493C-B567-F431B9504996}.Debug|x86.Build.0 = Debug|Any CPU
		{9D9B700C-F80D-493C-B567-F431B9504996}.Release|Any CPU.ActiveCfg = Release|Any CPU
		{9D9B700C-F80D-493C-B567-F431B9504996}.Release|Any CPU.Build.0 = Release|Any CPU
		{9D9B700C-F80D-493C-B567-F431B9504996}.Release|x64.ActiveCfg = Release|Any CPU
		{9D9B700C-F80D-493C-B567-F431B9504996}.Release|x64.Build.0 = Release|Any CPU
		{9D9B700C-F80D-493C-B567-F431B9504996}.Release|x86.ActiveCfg = Release|Any CPU
		{9D9B700C-F80D-493C-B567-F431B9504996}.Release|x86.Build.0 = Release|Any CPU
		{E3B8B584-0C6F-4F0E-AC56-8ED3177BBF76}.Debug|Any CPU.ActiveCfg = Debug|Any CPU
		{E3B8B584-0C6F-4F0E-AC56-8ED3177BBF76}.Debug|Any CPU.Build.0 = Debug|Any CPU
		{E3B8B584-0C6F-4F0E-AC56-8ED3177BBF76}.Debug|x64.ActiveCfg = Debug|Any CPU
		{E3B8B584-0C6F-4F0E-AC56-8ED3177BBF76}.Debug|x64.Build.0 = Debug|Any CPU
		{E3B8B584-0C6F-4F0E-AC56-8ED3177BBF76}.Debug|x86.ActiveCfg = Debug|Any CPU
		{E3B8B584-0C6F-4F0E-AC56-8ED3177BBF76}.Debug|x86.Build.0 = Debug|Any CPU
		{E3B8B584-0C6F-4F0E-AC56-8ED3177BBF76}.Release|Any CPU.ActiveCfg = Release|Any CPU
		{E3B8B584-0C6F-4F0E-AC56-8ED3177BBF76}.Release|Any CPU.Build.0 = Release|Any CPU
		{E3B8B584-0C6F-4F0E-AC56-8ED3177BBF76}.Release|x64.ActiveCfg = Release|Any CPU
		{E3B8B584-0C6F-4F0E-AC56-8ED3177BBF76}.Release|x64.Build.0 = Release|Any CPU
		{E3B8B584-0C6F-4F0E-AC56-8ED3177BBF76}.Release|x86.ActiveCfg = Release|Any CPU
		{E3B8B584-0C6F-4F0E-AC56-8ED3177BBF76}.Release|x86.Build.0 = Release|Any CPU
	EndGlobalSection
	GlobalSection(SolutionProperties) = preSolution
		HideSolutionNode = FALSE
	EndGlobalSection
	GlobalSection(NestedProjects) = preSolution
		{DDAACBBF-068E-476C-93F5-8B5DB7711B0D} = {827E0CD3-B72D-47B6-A68D-7590B98EB39B}
		{8A33C0C1-1B61-4F91-A098-18A70A0FCB57} = {827E0CD3-B72D-47B6-A68D-7590B98EB39B}
		{5F205C81-56B0-46B4-A3BC-4AE307E9C8AC} = {827E0CD3-B72D-47B6-A68D-7590B98EB39B}
		{E3234114-F79D-47B8-8596-89022E0E7E0D} = {827E0CD3-B72D-47B6-A68D-7590B98EB39B}
		{B2667C39-8C4B-4D0F-9E1E-7470ACB2C62D} = {827E0CD3-B72D-47B6-A68D-7590B98EB39B}
		{B1330356-1972-4B4B-AC43-0CCB43158491} = {827E0CD3-B72D-47B6-A68D-7590B98EB39B}
		{42AC4C91-1387-47A9-A118-6AEE8AB3FE46} = {827E0CD3-B72D-47B6-A68D-7590B98EB39B}
		{9D9B700C-F80D-493C-B567-F431B9504996} = {5D20AA90-6969-D8BD-9DCD-8634F4692FDA}
		{E3B8B584-0C6F-4F0E-AC56-8ED3177BBF76} = {2B59A5F8-0E6B-4F52-A9F6-47D6D2EC5C1C}
	EndGlobalSection
EndGlobal
